
Microsoft Visual Studio Solution File, Format Version 12.00
# Visual Studio Version 17
VisualStudioVersion = 17.4.33110.190
MinimumVisualStudioVersion = 10.0.40219.1
Project("{FAE04EC0-301F-11D3-BF4B-00C04F79EFBC}") = "PDFSplitterCustom", "PDFSplitterCustom\PDFSplitterCustom.csproj", "{074CC3F6-4ADF-4EB5-BE48-755F6B8E6971}"
EndProject
Global
	GlobalSection(SolutionConfigurationPlatforms) = preSolution
		Debug|Any CPU = Debug|Any CPU
		Release|Any CPU = Release|Any CPU
	EndGlobalSection
	GlobalSection(ProjectConfigurationPlatforms) = postSolution
		{074CC3F6-4ADF-4EB5-BE48-755F6B8E6971}.Debug|Any CPU.ActiveCfg = Debug|Any CPU
		{074CC3F6-4ADF-4EB5-BE48-755F6B8E6971}.Debug|Any CPU.Build.0 = Debug|Any CPU
		{074CC3F6-4ADF-4EB5-BE48-755F6B8E6971}.Release|Any CPU.ActiveCfg = Release|Any CPU
		{074CC3F6-4ADF-4EB5-BE48-755F6B8E6971}.Release|Any CPU.Build.0 = Release|Any CPU
	EndGlobalSection
	GlobalSection(SolutionProperties) = preSolution
		HideSolutionNode = FALSE
	EndGlobalSection
	GlobalSection(ExtensibilityGlobals) = postSolution
		SolutionGuid = {EAE3B31F-0F82-463E-B2E9-6FB7FA45C36F}
	EndGlobalSection
EndGlobal
